
Microsoft Visual Studio Solution File, Format Version 12.00
# Visual Studio Version 17
VisualStudioVersion = 17.4.33213.308
MinimumVisualStudioVersion = 10.0.40219.1
Project("{FAE04EC0-301F-11D3-BF4B-00C04F79EFBC}") = "TelaCalculadora", "TelaCalculadora\TelaCalculadora.csproj", "{DA4EE493-E2D9-4A6C-A80C-1599379FFEC0}"
EndProject
Global
	GlobalSection(SolutionConfigurationPlatforms) = preSolution
		Debug|Any CPU = Debug|Any CPU
		Release|Any CPU = Release|Any CPU
	EndGlobalSection
	GlobalSection(ProjectConfigurationPlatforms) = postSolution
		{DA4EE493-E2D9-4A6C-A80C-1599379FFEC0}.Debug|Any CPU.ActiveCfg = Debug|Any CPU
		{DA4EE493-E2D9-4A6C-A80C-1599379FFEC0}.Debug|Any CPU.Build.0 = Debug|Any CPU
		{DA4EE493-E2D9-4A6C-A80C-1599379FFEC0}.Release|Any CPU.ActiveCfg = Release|Any CPU
		{DA4EE493-E2D9-4A6C-A80C-1599379FFEC0}.Release|Any CPU.Build.0 = Release|Any CPU
	EndGlobalSection
	GlobalSection(SolutionProperties) = preSolution
		HideSolutionNode = FALSE
	EndGlobalSection
	GlobalSection(ExtensibilityGlobals) = postSolution
		SolutionGuid = {ADEF0DA9-755E-4D5E-BDF3-408D0A924A06}
	EndGlobalSection
EndGlobal
